
Microsoft Visual Studio Solution File, Format Version 12.00
# Visual Studio 15
VisualStudioVersion = 15.0.27705.2000
MinimumVisualStudioVersion = 10.0.40219.1
Project("{2150E333-8FDC-42A3-9474-1A3956D46DE8}") = "src", "src", "{65062D4B-4A78-482E-938E-F1E2E2F1BECE}"
EndProject
Project("{9A19103F-16F7-4668-BE54-9A1E7A4F7556}") = "Ducks", "src\adapter\Ducks\Ducks.csproj", "{F6540DE3-EB82-49B1-B203-AF931FB55232}"
EndProject
Project("{2150E333-8FDC-42A3-9474-1A3956D46DE8}") = "adapter", "adapter", "{5738C963-92E0-4276-8987-A4E20408112A}"
	ProjectSection(SolutionItems) = preProject
		src\adapter\README.md = src\adapter\README.md
	EndProjectSection
EndProject
Project("{2150E333-8FDC-42A3-9474-1A3956D46DE8}") = "combined", "combined", "{509A32F9-B946-4DBF-B82C-E2E8F86B6E11}"
EndProject
Project("{2150E333-8FDC-42A3-9474-1A3956D46DE8}") = "command", "command", "{C8C88EC8-657D-4FDA-8CBC-4ED5CE77706B}"
	ProjectSection(SolutionItems) = preProject
		src\command\README.md = src\command\README.md
	EndProjectSection
EndProject
Project("{2150E333-8FDC-42A3-9474-1A3956D46DE8}") = "composite", "composite", "{25CF7B6C-F643-477A-A905-D53E6E0E40DA}"
	ProjectSection(SolutionItems) = preProject
		src\composite\README.md = src\composite\README.md
	EndProjectSection
EndProject
Project("{2150E333-8FDC-42A3-9474-1A3956D46DE8}") = "decorator", "decorator", "{FBDDC616-8140-4B07-8C0A-BF30577FB605}"
	ProjectSection(SolutionItems) = preProject
		src\decorator\README.md = src\decorator\README.md
	EndProjectSection
EndProject
Project("{2150E333-8FDC-42A3-9474-1A3956D46DE8}") = "facade", "facade", "{829AAE4D-2504-4C96-A64E-613A6F1BB061}"
	ProjectSection(SolutionItems) = preProject
		src\facade\README.md = src\facade\README.md
	EndProjectSection
EndProject
Project("{2150E333-8FDC-42A3-9474-1A3956D46DE8}") = "factory", "factory", "{096572AF-69B2-4784-91D3-A4714A3D2982}"
	ProjectSection(SolutionItems) = preProject
		src\factory\README.md = src\factory\README.md
	EndProjectSection
EndProject
Project("{2150E333-8FDC-42A3-9474-1A3956D46DE8}") = "iterator", "iterator", "{10450979-D8EC-4CAE-88C3-215BDB7D379B}"
	ProjectSection(SolutionItems) = preProject
		src\iterator\README.md = src\iterator\README.md
	EndProjectSection
EndProject
Project("{2150E333-8FDC-42A3-9474-1A3956D46DE8}") = "observer", "observer", "{575C6C3C-8E6F-4869-BA9B-C1F2E29DE4EB}"
	ProjectSection(SolutionItems) = preProject
		src\observer\README.md = src\observer\README.md
	EndProjectSection
EndProject
Project("{2150E333-8FDC-42A3-9474-1A3956D46DE8}") = "proxy", "proxy", "{8F06ADF3-A68C-4E58-BC21-3CF7AFD0E116}"
	ProjectSection(SolutionItems) = preProject
		src\proxy\README.md = src\proxy\README.md
	EndProjectSection
EndProject
Project("{2150E333-8FDC-42A3-9474-1A3956D46DE8}") = "singleton", "singleton", "{AC7FC415-3583-40E4-B34A-10E3A74503E3}"
	ProjectSection(SolutionItems) = preProject
		src\singleton\README.md = src\singleton\README.md
	EndProjectSection
EndProject
Project("{2150E333-8FDC-42A3-9474-1A3956D46DE8}") = "state", "state", "{AF390EAF-182F-4801-8E38-7B549E1B3C9C}"
	ProjectSection(SolutionItems) = preProject
		src\state\README.md = src\state\README.md
	EndProjectSection
EndProject
Project("{2150E333-8FDC-42A3-9474-1A3956D46DE8}") = "strategy", "strategy", "{218C089F-D1AA-4773-AA1F-CC65640CFE90}"
	ProjectSection(SolutionItems) = preProject
		src\strategy\README.md = src\strategy\README.md
	EndProjectSection
EndProject
Project("{2150E333-8FDC-42A3-9474-1A3956D46DE8}") = "templatemethod", "templatemethod", "{1281B167-C550-442C-8D64-1A3C225BD53C}"
	ProjectSection(SolutionItems) = preProject
		src\templatemethod\README.md = src\templatemethod\README.md
	EndProjectSection
EndProject
Project("{9A19103F-16F7-4668-BE54-9A1E7A4F7556}") = "DuckSimulator", "src\combined\DuckSimulator\DuckSimulator.csproj", "{E06DF4BE-C600-47C1-9FD6-8EA6E22D574F}"
EndProject
Project("{9A19103F-16F7-4668-BE54-9A1E7A4F7556}") = "Party", "src\command\Party\Party.csproj", "{F61F6444-1C7A-4AC0-B897-EE3DF3BA470D}"
EndProject
Project("{9A19103F-16F7-4668-BE54-9A1E7A4F7556}") = "RemoteControl", "src\command\RemoteControl\RemoteControl.csproj", "{E7200A68-221E-46F7-8D10-95E4D45A120B}"
EndProject
Project("{9A19103F-16F7-4668-BE54-9A1E7A4F7556}") = "RemoteControlWithUndo", "src\command\RemoteControlWithUndo\RemoteControlWithUndo.csproj", "{F1A47B58-0DC6-4465-9781-E046FCF720A0}"
EndProject
Project("{9A19103F-16F7-4668-BE54-9A1E7A4F7556}") = "SimpleRemoteControl", "src\command\SimpleRemoteControl\SimpleRemoteControl.csproj", "{7C1207C7-EC00-4FA4-A796-79125C1163C7}"
EndProject
Project("{9A19103F-16F7-4668-BE54-9A1E7A4F7556}") = "Menu", "src\composite\Menu\Menu.csproj", "{C2187BAB-4FF2-4918-9996-38D04534D443}"
EndProject
Project("{9A19103F-16F7-4668-BE54-9A1E7A4F7556}") = "MenuIterator", "src\composite\MenuIterator\MenuIterator.csproj", "{2A7691A4-C548-499F-8891-9E648F5AA498}"
EndProject
Project("{9A19103F-16F7-4668-BE54-9A1E7A4F7556}") = "StarbuzzCoffee", "src\decorator\StarbuzzCoffee\StarbuzzCoffee.csproj", "{BD337891-E563-4B48-8F16-658BED78710E}"
EndProject
Project("{9A19103F-16F7-4668-BE54-9A1E7A4F7556}") = "HomeTheater", "src\facade\HomeTheater\HomeTheater.csproj", "{B4792F59-0CDB-4ED3-A062-7DF93ED9C4C4}"
EndProject
Project("{9A19103F-16F7-4668-BE54-9A1E7A4F7556}") = "PizzaStoreAbstractFactory", "src\factory\PizzaStoreAbstractFactory\PizzaStoreAbstractFactory.csproj", "{6D01DEF2-749F-4BF4-B50B-70CCB81CE7E2}"
EndProject
Project("{9A19103F-16F7-4668-BE54-9A1E7A4F7556}") = "PizzaStoreFactoryMethod", "src\factory\PizzaStoreFactoryMethod\PizzaStoreFactoryMethod.csproj", "{4299E4CA-21ED-4783-8734-B8DBB8ED3230}"
EndProject
Project("{9A19103F-16F7-4668-BE54-9A1E7A4F7556}") = "PizzaStoreSimpleFactory", "src\factory\PizzaStoreSimpleFactory\PizzaStoreSimpleFactory.csproj", "{5A46FE1F-A957-4C9F-A9F7-6718ADB9115A}"
EndProject
Project("{9A19103F-16F7-4668-BE54-9A1E7A4F7556}") = "DinerMergerCafe", "src\iterator\DinerMergerCafe\DinerMergerCafe.csproj", "{9C48DFA7-88AF-4796-B195-4BE0BD88144E}"
EndProject
Project("{9A19103F-16F7-4668-BE54-9A1E7A4F7556}") = "DinerMerger", "src\iterator\DinerMerger\DinerMerger.csproj", "{3FCF64FD-C8A7-45D0-978B-8F71FA9DD7F2}"
EndProject
Project("{9A19103F-16F7-4668-BE54-9A1E7A4F7556}") = "WeatherStation", "src\observer\WeatherStation\WeatherStation.csproj", "{ED3FA3B9-B51A-4894-BA75-60E6F8C9446E}"
EndProject
Project("{9A19103F-16F7-4668-BE54-9A1E7A4F7556}") = "WeatherStation.Observable", "src\observer\WeatherStation.Observable\WeatherStation.Observable.csproj", "{5395E547-70DD-4A95-AF78-907E8D665E60}"
EndProject
Project("{9A19103F-16F7-4668-BE54-9A1E7A4F7556}") = "ChocolateBoiler", "src\singleton\ChocolateBoiler\ChocolateBoiler.csproj", "{3D9CC0F4-1EAE-4FBF-AC38-9A6A91002DCC}"
EndProject
Project("{9A19103F-16F7-4668-BE54-9A1E7A4F7556}") = "MultipleSingleton", "src\singleton\MultipleSingleton\MultipleSingleton.csproj", "{1D415773-E5E4-4272-B5BA-7BE8896AA30B}"
EndProject
Project("{9A19103F-16F7-4668-BE54-9A1E7A4F7556}") = "Gumball", "src\state\Gumball\Gumball.csproj", "{4B390C4C-F9F4-40FC-839E-450650644E90}"
EndProject
Project("{9A19103F-16F7-4668-BE54-9A1E7A4F7556}") = "GumballState", "src\state\GumballState\GumballState.csproj", "{89ABCF8C-9DCC-41B4-9098-495B592C467F}"
EndProject
Project("{9A19103F-16F7-4668-BE54-9A1E7A4F7556}") = "GumballStateWinner", "src\state\GumballStateWinner\GumballStateWinner.csproj", "{73B04201-2729-45A4-B280-C682F905D59F}"
EndProject
Project("{9A19103F-16F7-4668-BE54-9A1E7A4F7556}") = "MiniDuckSimulator", "src\strategy\MiniDuckSimulator\MiniDuckSimulator.csproj", "{31FF343A-D429-4BAC-A405-BAA91E12EAC8}"
EndProject
Project("{9A19103F-16F7-4668-BE54-9A1E7A4F7556}") = "Barista", "src\templatemethod\Barista\Barista.csproj", "{86BC7597-7E02-4CD7-B9FC-5C2D62D3F105}"
EndProject
Project("{9A19103F-16F7-4668-BE54-9A1E7A4F7556}") = "DuckSort", "src\templatemethod\DuckSort\DuckSort.csproj", "{F407757D-F442-409C-A1FC-0DBBC51823BB}"
EndProject
Global
	GlobalSection(SolutionConfigurationPlatforms) = preSolution
		Debug|Any CPU = Debug|Any CPU
		Release|Any CPU = Release|Any CPU
	EndGlobalSection
	GlobalSection(ProjectConfigurationPlatforms) = postSolution
		{F6540DE3-EB82-49B1-B203-AF931FB55232}.Debug|Any CPU.ActiveCfg = Debug|Any CPU
		{F6540DE3-EB82-49B1-B203-AF931FB55232}.Debug|Any CPU.Build.0 = Debug|Any CPU
		{F6540DE3-EB82-49B1-B203-AF931FB55232}.Release|Any CPU.ActiveCfg = Release|Any CPU
		{F6540DE3-EB82-49B1-B203-AF931FB55232}.Release|Any CPU.Build.0 = Release|Any CPU
		{E06DF4BE-C600-47C1-9FD6-8EA6E22D574F}.Debug|Any CPU.ActiveCfg = Debug|Any CPU
		{E06DF4BE-C600-47C1-9FD6-8EA6E22D574F}.Debug|Any CPU.Build.0 = Debug|Any CPU
		{E06DF4BE-C600-47C1-9FD6-8EA6E22D574F}.Release|Any CPU.ActiveCfg = Release|Any CPU
		{E06DF4BE-C600-47C1-9FD6-8EA6E22D574F}.Release|Any CPU.Build.0 = Release|Any CPU
		{F61F6444-1C7A-4AC0-B897-EE3DF3BA470D}.Debug|Any CPU.ActiveCfg = Debug|Any CPU
		{F61F6444-1C7A-4AC0-B897-EE3DF3BA470D}.Debug|Any CPU.Build.0 = Debug|Any CPU
		{F61F6444-1C7A-4AC0-B897-EE3DF3BA470D}.Release|Any CPU.ActiveCfg = Release|Any CPU
		{F61F6444-1C7A-4AC0-B897-EE3DF3BA470D}.Release|Any CPU.Build.0 = Release|Any CPU
		{E7200A68-221E-46F7-8D10-95E4D45A120B}.Debug|Any CPU.ActiveCfg = Debug|Any CPU
		{E7200A68-221E-46F7-8D10-95E4D45A120B}.Debug|Any CPU.Build.0 = Debug|Any CPU
		{E7200A68-221E-46F7-8D10-95E4D45A120B}.Release|Any CPU.ActiveCfg = Release|Any CPU
		{E7200A68-221E-46F7-8D10-95E4D45A120B}.Release|Any CPU.Build.0 = Release|Any CPU
		{F1A47B58-0DC6-4465-9781-E046FCF720A0}.Debug|Any CPU.ActiveCfg = Debug|Any CPU
		{F1A47B58-0DC6-4465-9781-E046FCF720A0}.Debug|Any CPU.Build.0 = Debug|Any CPU
		{F1A47B58-0DC6-4465-9781-E046FCF720A0}.Release|Any CPU.ActiveCfg = Release|Any CPU
		{F1A47B58-0DC6-4465-9781-E046FCF720A0}.Release|Any CPU.Build.0 = Release|Any CPU
		{7C1207C7-EC00-4FA4-A796-79125C1163C7}.Debug|Any CPU.ActiveCfg = Debug|Any CPU
		{7C1207C7-EC00-4FA4-A796-79125C1163C7}.Debug|Any CPU.Build.0 = Debug|Any CPU
		{7C1207C7-EC00-4FA4-A796-79125C1163C7}.Release|Any CPU.ActiveCfg = Release|Any CPU
		{7C1207C7-EC00-4FA4-A796-79125C1163C7}.Release|Any CPU.Build.0 = Release|Any CPU
		{C2187BAB-4FF2-4918-9996-38D04534D443}.Debug|Any CPU.ActiveCfg = Debug|Any CPU
		{C2187BAB-4FF2-4918-9996-38D04534D443}.Debug|Any CPU.Build.0 = Debug|Any CPU
		{C2187BAB-4FF2-4918-9996-38D04534D443}.Release|Any CPU.ActiveCfg = Release|Any CPU
		{C2187BAB-4FF2-4918-9996-38D04534D443}.Release|Any CPU.Build.0 = Release|Any CPU
		{2A7691A4-C548-499F-8891-9E648F5AA498}.Debug|Any CPU.ActiveCfg = Debug|Any CPU
		{2A7691A4-C548-499F-8891-9E648F5AA498}.Debug|Any CPU.Build.0 = Debug|Any CPU
		{2A7691A4-C548-499F-8891-9E648F5AA498}.Release|Any CPU.ActiveCfg = Release|Any CPU
		{2A7691A4-C548-499F-8891-9E648F5AA498}.Release|Any CPU.Build.0 = Release|Any CPU
		{BD337891-E563-4B48-8F16-658BED78710E}.Debug|Any CPU.ActiveCfg = Debug|Any CPU
		{BD337891-E563-4B48-8F16-658BED78710E}.Debug|Any CPU.Build.0 = Debug|Any CPU
		{BD337891-E563-4B48-8F16-658BED78710E}.Release|Any CPU.ActiveCfg = Release|Any CPU
		{BD337891-E563-4B48-8F16-658BED78710E}.Release|Any CPU.Build.0 = Release|Any CPU
		{B4792F59-0CDB-4ED3-A062-7DF93ED9C4C4}.Debug|Any CPU.ActiveCfg = Debug|Any CPU
		{B4792F59-0CDB-4ED3-A062-7DF93ED9C4C4}.Debug|Any CPU.Build.0 = Debug|Any CPU
		{B4792F59-0CDB-4ED3-A062-7DF93ED9C4C4}.Release|Any CPU.ActiveCfg = Release|Any CPU
		{B4792F59-0CDB-4ED3-A062-7DF93ED9C4C4}.Release|Any CPU.Build.0 = Release|Any CPU
		{6D01DEF2-749F-4BF4-B50B-70CCB81CE7E2}.Debug|Any CPU.ActiveCfg = Debug|Any CPU
		{6D01DEF2-749F-4BF4-B50B-70CCB81CE7E2}.Debug|Any CPU.Build.0 = Debug|Any CPU
		{6D01DEF2-749F-4BF4-B50B-70CCB81CE7E2}.Release|Any CPU.ActiveCfg = Release|Any CPU
		{6D01DEF2-749F-4BF4-B50B-70CCB81CE7E2}.Release|Any CPU.Build.0 = Release|Any CPU
		{4299E4CA-21ED-4783-8734-B8DBB8ED3230}.Debug|Any CPU.ActiveCfg = Debug|Any CPU
		{4299E4CA-21ED-4783-8734-B8DBB8ED3230}.Debug|Any CPU.Build.0 = Debug|Any CPU
		{4299E4CA-21ED-4783-8734-B8DBB8ED3230}.Release|Any CPU.ActiveCfg = Release|Any CPU
		{4299E4CA-21ED-4783-8734-B8DBB8ED3230}.Release|Any CPU.Build.0 = Release|Any CPU
		{5A46FE1F-A957-4C9F-A9F7-6718ADB9115A}.Debug|Any CPU.ActiveCfg = Debug|Any CPU
		{5A46FE1F-A957-4C9F-A9F7-6718ADB9115A}.Debug|Any CPU.Build.0 = Debug|Any CPU
		{5A46FE1F-A957-4C9F-A9F7-6718ADB9115A}.Release|Any CPU.ActiveCfg = Release|Any CPU
		{5A46FE1F-A957-4C9F-A9F7-6718ADB9115A}.Release|Any CPU.Build.0 = Release|Any CPU
		{9C48DFA7-88AF-4796-B195-4BE0BD88144E}.Debug|Any CPU.ActiveCfg = Debug|Any CPU
		{9C48DFA7-88AF-4796-B195-4BE0BD88144E}.Debug|Any CPU.Build.0 = Debug|Any CPU
		{9C48DFA7-88AF-4796-B195-4BE0BD88144E}.Release|Any CPU.ActiveCfg = Release|Any CPU
		{9C48DFA7-88AF-4796-B195-4BE0BD88144E}.Release|Any CPU.Build.0 = Release|Any CPU
		{3FCF64FD-C8A7-45D0-978B-8F71FA9DD7F2}.Debug|Any CPU.ActiveCfg = Debug|Any CPU
		{3FCF64FD-C8A7-45D0-978B-8F71FA9DD7F2}.Debug|Any CPU.Build.0 = Debug|Any CPU
		{3FCF64FD-C8A7-45D0-978B-8F71FA9DD7F2}.Release|Any CPU.ActiveCfg = Release|Any CPU
		{3FCF64FD-C8A7-45D0-978B-8F71FA9DD7F2}.Release|Any CPU.Build.0 = Release|Any CPU
		{ED3FA3B9-B51A-4894-BA75-60E6F8C9446E}.Debug|Any CPU.ActiveCfg = Debug|Any CPU
		{ED3FA3B9-B51A-4894-BA75-60E6F8C9446E}.Debug|Any CPU.Build.0 = Debug|Any CPU
		{ED3FA3B9-B51A-4894-BA75-60E6F8C9446E}.Release|Any CPU.ActiveCfg = Release|Any CPU
		{ED3FA3B9-B51A-4894-BA75-60E6F8C9446E}.Release|Any CPU.Build.0 = Release|Any CPU
		{5395E547-70DD-4A95-AF78-907E8D665E60}.Debug|Any CPU.ActiveCfg = Debug|Any CPU
		{5395E547-70DD-4A95-AF78-907E8D665E60}.Debug|Any CPU.Build.0 = Debug|Any CPU
		{5395E547-70DD-4A95-AF78-907E8D665E60}.Release|Any CPU.ActiveCfg = Release|Any CPU
		{5395E547-70DD-4A95-AF78-907E8D665E60}.Release|Any CPU.Build.0 = Release|Any CPU
		{3D9CC0F4-1EAE-4FBF-AC38-9A6A91002DCC}.Debug|Any CPU.ActiveCfg = Debug|Any CPU
		{3D9CC0F4-1EAE-4FBF-AC38-9A6A91002DCC}.Debug|Any CPU.Build.0 = Debug|Any CPU
		{3D9CC0F4-1EAE-4FBF-AC38-9A6A91002DCC}.Release|Any CPU.ActiveCfg = Release|Any CPU
		{3D9CC0F4-1EAE-4FBF-AC38-9A6A91002DCC}.Release|Any CPU.Build.0 = Release|Any CPU
		{1D415773-E5E4-4272-B5BA-7BE8896AA30B}.Debug|Any CPU.ActiveCfg = Debug|Any CPU
		{1D415773-E5E4-4272-B5BA-7BE8896AA30B}.Debug|Any CPU.Build.0 = Debug|Any CPU
		{1D415773-E5E4-4272-B5BA-7BE8896AA30B}.Release|Any CPU.ActiveCfg = Release|Any CPU
		{1D415773-E5E4-4272-B5BA-7BE8896AA30B}.Release|Any CPU.Build.0 = Release|Any CPU
		{4B390C4C-F9F4-40FC-839E-450650644E90}.Debug|Any CPU.ActiveCfg = Debug|Any CPU
		{4B390C4C-F9F4-40FC-839E-450650644E90}.Debug|Any CPU.Build.0 = Debug|Any CPU
		{4B390C4C-F9F4-40FC-839E-450650644E90}.Release|Any CPU.ActiveCfg = Release|Any CPU
		{4B390C4C-F9F4-40FC-839E-450650644E90}.Release|Any CPU.Build.0 = Release|Any CPU
		{89ABCF8C-9DCC-41B4-9098-495B592C467F}.Debug|Any CPU.ActiveCfg = Debug|Any CPU
		{89ABCF8C-9DCC-41B4-9098-495B592C467F}.Debug|Any CPU.Build.0 = Debug|Any CPU
		{89ABCF8C-9DCC-41B4-9098-495B592C467F}.Release|Any CPU.ActiveCfg = Release|Any CPU
		{89ABCF8C-9DCC-41B4-9098-495B592C467F}.Release|Any CPU.Build.0 = Release|Any CPU
		{73B04201-2729-45A4-B280-C682F905D59F}.Debug|Any CPU.ActiveCfg = Debug|Any CPU
		{73B04201-2729-45A4-B280-C682F905D59F}.Debug|Any CPU.Build.0 = Debug|Any CPU
		{73B04201-2729-45A4-B280-C682F905D59F}.Release|Any CPU.ActiveCfg = Release|Any CPU
		{73B04201-2729-45A4-B280-C682F905D59F}.Release|Any CPU.Build.0 = Release|Any CPU
		{31FF343A-D429-4BAC-A405-BAA91E12EAC8}.Debug|Any CPU.ActiveCfg = Debug|Any CPU
		{31FF343A-D429-4BAC-A405-BAA91E12EAC8}.Debug|Any CPU.Build.0 = Debug|Any CPU
		{31FF343A-D429-4BAC-A405-BAA91E12EAC8}.Release|Any CPU.ActiveCfg = Release|Any CPU
		{31FF343A-D429-4BAC-A405-BAA91E12EAC8}.Release|Any CPU.Build.0 = Release|Any CPU
		{86BC7597-7E02-4CD7-B9FC-5C2D62D3F105}.Debug|Any CPU.ActiveCfg = Debug|Any CPU
		{86BC7597-7E02-4CD7-B9FC-5C2D62D3F105}.Debug|Any CPU.Build.0 = Debug|Any CPU
		{86BC7597-7E02-4CD7-B9FC-5C2D62D3F105}.Release|Any CPU.ActiveCfg = Release|Any CPU
		{86BC7597-7E02-4CD7-B9FC-5C2D62D3F105}.Release|Any CPU.Build.0 = Release|Any CPU
		{F407757D-F442-409C-A1FC-0DBBC51823BB}.Debug|Any CPU.ActiveCfg = Debug|Any CPU
		{F407757D-F442-409C-A1FC-0DBBC51823BB}.Debug|Any CPU.Build.0 = Debug|Any CPU
		{F407757D-F442-409C-A1FC-0DBBC51823BB}.Release|Any CPU.ActiveCfg = Release|Any CPU
		{F407757D-F442-409C-A1FC-0DBBC51823BB}.Release|Any CPU.Build.0 = Release|Any CPU
	EndGlobalSection
	GlobalSection(SolutionProperties) = preSolution
		HideSolutionNode = FALSE
	EndGlobalSection
	GlobalSection(NestedProjects) = preSolution
		{F6540DE3-EB82-49B1-B203-AF931FB55232} = {5738C963-92E0-4276-8987-A4E20408112A}
		{5738C963-92E0-4276-8987-A4E20408112A} = {65062D4B-4A78-482E-938E-F1E2E2F1BECE}
		{509A32F9-B946-4DBF-B82C-E2E8F86B6E11} = {65062D4B-4A78-482E-938E-F1E2E2F1BECE}
		{C8C88EC8-657D-4FDA-8CBC-4ED5CE77706B} = {65062D4B-4A78-482E-938E-F1E2E2F1BECE}
		{25CF7B6C-F643-477A-A905-D53E6E0E40DA} = {65062D4B-4A78-482E-938E-F1E2E2F1BECE}
		{FBDDC616-8140-4B07-8C0A-BF30577FB605} = {65062D4B-4A78-482E-938E-F1E2E2F1BECE}
		{829AAE4D-2504-4C96-A64E-613A6F1BB061} = {65062D4B-4A78-482E-938E-F1E2E2F1BECE}
		{096572AF-69B2-4784-91D3-A4714A3D2982} = {65062D4B-4A78-482E-938E-F1E2E2F1BECE}
		{10450979-D8EC-4CAE-88C3-215BDB7D379B} = {65062D4B-4A78-482E-938E-F1E2E2F1BECE}
		{575C6C3C-8E6F-4869-BA9B-C1F2E29DE4EB} = {65062D4B-4A78-482E-938E-F1E2E2F1BECE}
		{8F06ADF3-A68C-4E58-BC21-3CF7AFD0E116} = {65062D4B-4A78-482E-938E-F1E2E2F1BECE}
		{AC7FC415-3583-40E4-B34A-10E3A74503E3} = {65062D4B-4A78-482E-938E-F1E2E2F1BECE}
		{AF390EAF-182F-4801-8E38-7B549E1B3C9C} = {65062D4B-4A78-482E-938E-F1E2E2F1BECE}
		{218C089F-D1AA-4773-AA1F-CC65640CFE90} = {65062D4B-4A78-482E-938E-F1E2E2F1BECE}
		{1281B167-C550-442C-8D64-1A3C225BD53C} = {65062D4B-4A78-482E-938E-F1E2E2F1BECE}
		{E06DF4BE-C600-47C1-9FD6-8EA6E22D574F} = {509A32F9-B946-4DBF-B82C-E2E8F86B6E11}
		{F61F6444-1C7A-4AC0-B897-EE3DF3BA470D} = {C8C88EC8-657D-4FDA-8CBC-4ED5CE77706B}
		{E7200A68-221E-46F7-8D10-95E4D45A120B} = {C8C88EC8-657D-4FDA-8CBC-4ED5CE77706B}
		{F1A47B58-0DC6-4465-9781-E046FCF720A0} = {C8C88EC8-657D-4FDA-8CBC-4ED5CE77706B}
		{7C1207C7-EC00-4FA4-A796-79125C1163C7} = {C8C88EC8-657D-4FDA-8CBC-4ED5CE77706B}
		{C2187BAB-4FF2-4918-9996-38D04534D443} = {25CF7B6C-F643-477A-A905-D53E6E0E40DA}
		{2A7691A4-C548-499F-8891-9E648F5AA498} = {25CF7B6C-F643-477A-A905-D53E6E0E40DA}
		{BD337891-E563-4B48-8F16-658BED78710E} = {FBDDC616-8140-4B07-8C0A-BF30577FB605}
		{B4792F59-0CDB-4ED3-A062-7DF93ED9C4C4} = {829AAE4D-2504-4C96-A64E-613A6F1BB061}
		{6D01DEF2-749F-4BF4-B50B-70CCB81CE7E2} = {096572AF-69B2-4784-91D3-A4714A3D2982}
		{4299E4CA-21ED-4783-8734-B8DBB8ED3230} = {096572AF-69B2-4784-91D3-A4714A3D2982}
		{5A46FE1F-A957-4C9F-A9F7-6718ADB9115A} = {096572AF-69B2-4784-91D3-A4714A3D2982}
		{9C48DFA7-88AF-4796-B195-4BE0BD88144E} = {10450979-D8EC-4CAE-88C3-215BDB7D379B}
		{3FCF64FD-C8A7-45D0-978B-8F71FA9DD7F2} = {10450979-D8EC-4CAE-88C3-215BDB7D379B}
		{ED3FA3B9-B51A-4894-BA75-60E6F8C9446E} = {575C6C3C-8E6F-4869-BA9B-C1F2E29DE4EB}
		{5395E547-70DD-4A95-AF78-907E8D665E60} = {575C6C3C-8E6F-4869-BA9B-C1F2E29DE4EB}
		{3D9CC0F4-1EAE-4FBF-AC38-9A6A91002DCC} = {AC7FC415-3583-40E4-B34A-10E3A74503E3}
		{1D415773-E5E4-4272-B5BA-7BE8896AA30B} = {AC7FC415-3583-40E4-B34A-10E3A74503E3}
		{4B390C4C-F9F4-40FC-839E-450650644E90} = {AF390EAF-182F-4801-8E38-7B549E1B3C9C}
		{89ABCF8C-9DCC-41B4-9098-495B592C467F} = {AF390EAF-182F-4801-8E38-7B549E1B3C9C}
		{73B04201-2729-45A4-B280-C682F905D59F} = {AF390EAF-182F-4801-8E38-7B549E1B3C9C}
		{31FF343A-D429-4BAC-A405-BAA91E12EAC8} = {218C089F-D1AA-4773-AA1F-CC65640CFE90}
		{86BC7597-7E02-4CD7-B9FC-5C2D62D3F105} = {1281B167-C550-442C-8D64-1A3C225BD53C}
		{F407757D-F442-409C-A1FC-0DBBC51823BB} = {1281B167-C550-442C-8D64-1A3C225BD53C}
	EndGlobalSection
	GlobalSection(ExtensibilityGlobals) = postSolution
		SolutionGuid = {DA16AFB8-AFE4-4072-83B0-BE20C97C72D8}
	EndGlobalSection
EndGlobal
